
Microsoft Visual Studio Solution File, Format Version 12.00
# Visual Studio Version 16
VisualStudioVersion = 16.0.31402.337
MinimumVisualStudioVersion = 10.0.40219.1
Project("{FAE04EC0-301F-11D3-BF4B-00C04F79EFBC}") = "ConsoleApp1", "ConsoleApp1.csproj", "{A6E63B40-3ACD-4E3B-85D0-207963356860}"
EndProject
Global
	GlobalSection(SolutionConfigurationPlatforms) = preSolution
		Debug|Any CPU = Debug|Any CPU
		Release|Any CPU = Release|Any CPU
	EndGlobalSection
	GlobalSection(ProjectConfigurationPlatforms) = postSolution
		{A6E63B40-3ACD-4E3B-85D0-207963356860}.Debug|Any CPU.ActiveCfg = Debug|Any CPU
		{A6E63B40-3ACD-4E3B-85D0-207963356860}.Debug|Any CPU.Build.0 = Debug|Any CPU
		{A6E63B40-3ACD-4E3B-85D0-207963356860}.Release|Any CPU.ActiveCfg = Release|Any CPU
		{A6E63B40-3ACD-4E3B-85D0-207963356860}.Release|Any CPU.Build.0 = Release|Any CPU
	EndGlobalSection
	GlobalSection(SolutionProperties) = preSolution
		HideSolutionNode = FALSE
	EndGlobalSection
	GlobalSection(ExtensibilityGlobals) = postSolution
		SolutionGuid = {203AD5CE-4706-4305-A2BF-2B18C0275E62}
	EndGlobalSection
EndGlobal
